// !$*UTF8*$!
{
	archiveVersion = 1;
	classes = {
	};
	objectVersion = 51;
	objects = {

/* Begin PBXBuildFile section */
		C250EB7826B70FEB006CCFFF /* AppDelegate.swift in Sources */ = {isa = PBXBuildFile; fileRef = C250EB7726B70FEB006CCFFF /* AppDelegate.swift */; };
		C250EB7A26B70FEB006CCFFF /* SceneDelegate.swift in Sources */ = {isa = PBXBuildFile; fileRef = C250EB7926B70FEB006CCFFF /* SceneDelegate.swift */; };
		C250EB7C26B70FEB006CCFFF /* ContentView.swift in Sources */ = {isa = PBXBuildFile; fileRef = C250EB7B26B70FEB006CCFFF /* ContentView.swift */; };
		C250EB7E26B70FEF006CCFFF /* Assets.xcassets in Resources */ = {isa = PBXBuildFile; fileRef = C250EB7D26B70FEF006CCFFF /* Assets.xcassets */; };
		C250EB8126B70FEF006CCFFF /* Preview Assets.xcassets in Resources */ = {isa = PBXBuildFile; fileRef = C250EB8026B70FEF006CCFFF /* Preview Assets.xcassets */; };
		C250EB8426B70FEF006CCFFF /* LaunchScreen.storyboard in Resources */ = {isa = PBXBuildFile; fileRef = C250EB8226B70FEF006CCFFF /* LaunchScreen.storyboard */; };
		C288DAE826B7121D00871FAB /* Podfile in Resources */ = {isa = PBXBuildFile; fileRef = C288DAE726B7121C00871FAB /* Podfile */; };
		C288DB0926B7130700871FAB /* DefaultText.swift in Sources */ = {isa = PBXBuildFile; fileRef = C288DAEB26B7130700871FAB /* DefaultText.swift */; };
		C288DB0B26B7130700871FAB /* IngredientCard.swift in Sources */ = {isa = PBXBuildFile; fileRef = C288DAED26B7130700871FAB /* IngredientCard.swift */; };
		C288DB0C26B7130700871FAB /* SearchAppBar.swift in Sources */ = {isa = PBXBuildFile; fileRef = C288DAEE26B7130700871FAB /* SearchAppBar.swift */; };
		C288DB0D26B7130700871FAB /* Navigation.swift in Sources */ = {isa = PBXBuildFile; fileRef = C288DAF026B7130700871FAB /* Navigation.swift */; };
		C288DB0E26B7130700871FAB /* DayListScreen.swift in Sources */ = {isa = PBXBuildFile; fileRef = C288DAF326B7130700871FAB /* DayListScreen.swift */; };
		C288DB0F26B7130700871FAB /* IngredientListScreen.swift in Sources */ = {isa = PBXBuildFile; fileRef = C288DAF526B7130700871FAB /* IngredientListScreen.swift */; };
		C288DB1026B7130700871FAB /* IngredientListViewModel.swift in Sources */ = {isa = PBXBuildFile; fileRef = C288DAF626B7130700871FAB /* IngredientListViewModel.swift */; };
		C288DB1126B7130700871FAB /* NewRecipeScreen.swift in Sources */ = {isa = PBXBuildFile; fileRef = C288DAF826B7130700871FAB /* NewRecipeScreen.swift */; };
		C288DB1226B7130700871FAB /* RecipeView.swift in Sources */ = {isa = PBXBuildFile; fileRef = C288DAFB26B7130700871FAB /* RecipeView.swift */; };
		C288DB1326B7130700871FAB /* RecipeDetailScreen.swift in Sources */ = {isa = PBXBuildFile; fileRef = C288DAFC26B7130700871FAB /* RecipeDetailScreen.swift */; };
		C288DB1426B7130700871FAB /* RecipeDetailViewModel.swift in Sources */ = {isa = PBXBuildFile; fileRef = C288DAFD26B7130700871FAB /* RecipeDetailViewModel.swift */; };
		C288DB1526B7130700871FAB /* RecipeListScreen.swift in Sources */ = {isa = PBXBuildFile; fileRef = C288DAFF26B7130700871FAB /* RecipeListScreen.swift */; };
		C288DB1626B7130700871FAB /* SettingsScreen.swift in Sources */ = {isa = PBXBuildFile; fileRef = C288DB0126B7130700871FAB /* SettingsScreen.swift */; };
		C288DB1726B7130700871FAB /* ShoppingListScreen.swift in Sources */ = {isa = PBXBuildFile; fileRef = C288DB0326B7130700871FAB /* ShoppingListScreen.swift */; };
		C288DB1826B7130700871FAB /* WeekListScreen.swift in Sources */ = {isa = PBXBuildFile; fileRef = C288DB0526B7130700871FAB /* WeekListScreen.swift */; };
		C288DB1926B7130700871FAB /* AsyncImageView.swift in Sources */ = {isa = PBXBuildFile; fileRef = C288DB0726B7130700871FAB /* AsyncImageView.swift */; };
		C288DB1A26B7130700871FAB /* ImageLoader.swift in Sources */ = {isa = PBXBuildFile; fileRef = C288DB0826B7130700871FAB /* ImageLoader.swift */; };
		C2EAD0C726C2848400B8E196 /* RecipeListViewModel.swift in Sources */ = {isa = PBXBuildFile; fileRef = C2EAD0C626C2848400B8E196 /* RecipeListViewModel.swift */; };
		C2EAD0CB26C28B2900B8E196 /* RecipeCard.swift in Sources */ = {isa = PBXBuildFile; fileRef = C2EAD0CA26C28B2900B8E196 /* RecipeCard.swift */; };
		DC11696447617AC51BC98292 /* Pods_iosWeeFood.framework in Frameworks */ = {isa = PBXBuildFile; fileRef = 49DEC3F88295B56E06151CCA /* Pods_iosWeeFood.framework */; };
/* End PBXBuildFile section */

/* Begin PBXFileReference section */
		3738670C1D5727FA5B1DD994 /* Pods-iosWeeFood.release.xcconfig */ = {isa = PBXFileReference; includeInIndex = 1; lastKnownFileType = text.xcconfig; name = "Pods-iosWeeFood.release.xcconfig"; path = "Target Support Files/Pods-iosWeeFood/Pods-iosWeeFood.release.xcconfig"; sourceTree = "<group>"; };
		48D8990E54FE35654F57F2CB /* Pods-iosWeeFood.debug.xcconfig */ = {isa = PBXFileReference; includeInIndex = 1; lastKnownFileType = text.xcconfig; name = "Pods-iosWeeFood.debug.xcconfig"; path = "Target Support Files/Pods-iosWeeFood/Pods-iosWeeFood.debug.xcconfig"; sourceTree = "<group>"; };
		49DEC3F88295B56E06151CCA /* Pods_iosWeeFood.framework */ = {isa = PBXFileReference; explicitFileType = wrapper.framework; includeInIndex = 0; path = Pods_iosWeeFood.framework; sourceTree = BUILT_PRODUCTS_DIR; };
		C250EB7426B70FEB006CCFFF /* iosWeeFood.app */ = {isa = PBXFileReference; explicitFileType = wrapper.application; includeInIndex = 0; path = iosWeeFood.app; sourceTree = BUILT_PRODUCTS_DIR; };
		C250EB7726B70FEB006CCFFF /* AppDelegate.swift */ = {isa = PBXFileReference; lastKnownFileType = sourcecode.swift; path = AppDelegate.swift; sourceTree = "<group>"; };
		C250EB7926B70FEB006CCFFF /* SceneDelegate.swift */ = {isa = PBXFileReference; lastKnownFileType = sourcecode.swift; path = SceneDelegate.swift; sourceTree = "<group>"; };
		C250EB7B26B70FEB006CCFFF /* ContentView.swift */ = {isa = PBXFileReference; lastKnownFileType = sourcecode.swift; path = ContentView.swift; sourceTree = "<group>"; };
		C250EB7D26B70FEF006CCFFF /* Assets.xcassets */ = {isa = PBXFileReference; lastKnownFileType = folder.assetcatalog; path = Assets.xcassets; sourceTree = "<group>"; };
		C250EB8026B70FEF006CCFFF /* Preview Assets.xcassets */ = {isa = PBXFileReference; lastKnownFileType = folder.assetcatalog; path = "Preview Assets.xcassets"; sourceTree = "<group>"; };
		C250EB8326B70FEF006CCFFF /* Base */ = {isa = PBXFileReference; lastKnownFileType = file.storyboard; name = Base; path = Base.lproj/LaunchScreen.storyboard; sourceTree = "<group>"; };
		C250EB8526B70FEF006CCFFF /* Info.plist */ = {isa = PBXFileReference; lastKnownFileType = text.plist.xml; path = Info.plist; sourceTree = "<group>"; };
		C288DAE726B7121C00871FAB /* Podfile */ = {isa = PBXFileReference; fileEncoding = 4; lastKnownFileType = text; path = Podfile; sourceTree = "<group>"; };
		C288DAEB26B7130700871FAB /* DefaultText.swift */ = {isa = PBXFileReference; fileEncoding = 4; lastKnownFileType = sourcecode.swift; path = DefaultText.swift; sourceTree = "<group>"; };
		C288DAED26B7130700871FAB /* IngredientCard.swift */ = {isa = PBXFileReference; fileEncoding = 4; lastKnownFileType = sourcecode.swift; path = IngredientCard.swift; sourceTree = "<group>"; };
		C288DAEE26B7130700871FAB /* SearchAppBar.swift */ = {isa = PBXFileReference; fileEncoding = 4; lastKnownFileType = sourcecode.swift; path = SearchAppBar.swift; sourceTree = "<group>"; };
		C288DAF026B7130700871FAB /* Navigation.swift */ = {isa = PBXFileReference; fileEncoding = 4; lastKnownFileType = sourcecode.swift; path = Navigation.swift; sourceTree = "<group>"; };
		C288DAF326B7130700871FAB /* DayListScreen.swift */ = {isa = PBXFileReference; fileEncoding = 4; lastKnownFileType = sourcecode.swift; path = DayListScreen.swift; sourceTree = "<group>"; };
		C288DAF526B7130700871FAB /* IngredientListScreen.swift */ = {isa = PBXFileReference; fileEncoding = 4; lastKnownFileType = sourcecode.swift; path = IngredientListScreen.swift; sourceTree = "<group>"; };
		C288DAF626B7130700871FAB /* IngredientListViewModel.swift */ = {isa = PBXFileReference; fileEncoding = 4; lastKnownFileType = sourcecode.swift; path = IngredientListViewModel.swift; sourceTree = "<group>"; };
		C288DAF826B7130700871FAB /* NewRecipeScreen.swift */ = {isa = PBXFileReference; fileEncoding = 4; lastKnownFileType = sourcecode.swift; path = NewRecipeScreen.swift; sourceTree = "<group>"; };
		C288DAFB26B7130700871FAB /* RecipeView.swift */ = {isa = PBXFileReference; fileEncoding = 4; lastKnownFileType = sourcecode.swift; path = RecipeView.swift; sourceTree = "<group>"; };
		C288DAFC26B7130700871FAB /* RecipeDetailScreen.swift */ = {isa = PBXFileReference; fileEncoding = 4; lastKnownFileType = sourcecode.swift; path = RecipeDetailScreen.swift; sourceTree = "<group>"; };
		C288DAFD26B7130700871FAB /* RecipeDetailViewModel.swift */ = {isa = PBXFileReference; fileEncoding = 4; lastKnownFileType = sourcecode.swift; path = RecipeDetailViewModel.swift; sourceTree = "<group>"; };
		C288DAFF26B7130700871FAB /* RecipeListScreen.swift */ = {isa = PBXFileReference; fileEncoding = 4; lastKnownFileType = sourcecode.swift; path = RecipeListScreen.swift; sourceTree = "<group>"; };
		C288DB0126B7130700871FAB /* SettingsScreen.swift */ = {isa = PBXFileReference; fileEncoding = 4; lastKnownFileType = sourcecode.swift; path = SettingsScreen.swift; sourceTree = "<group>"; };
		C288DB0326B7130700871FAB /* ShoppingListScreen.swift */ = {isa = PBXFileReference; fileEncoding = 4; lastKnownFileType = sourcecode.swift; path = ShoppingListScreen.swift; sourceTree = "<group>"; };
		C288DB0526B7130700871FAB /* WeekListScreen.swift */ = {isa = PBXFileReference; fileEncoding = 4; lastKnownFileType = sourcecode.swift; path = WeekListScreen.swift; sourceTree = "<group>"; };
		C288DB0726B7130700871FAB /* AsyncImageView.swift */ = {isa = PBXFileReference; fileEncoding = 4; lastKnownFileType = sourcecode.swift; path = AsyncImageView.swift; sourceTree = "<group>"; };
		C288DB0826B7130700871FAB /* ImageLoader.swift */ = {isa = PBXFileReference; fileEncoding = 4; lastKnownFileType = sourcecode.swift; path = ImageLoader.swift; sourceTree = "<group>"; };
		C2EAD0C626C2848400B8E196 /* RecipeListViewModel.swift */ = {isa = PBXFileReference; lastKnownFileType = sourcecode.swift; path = RecipeListViewModel.swift; sourceTree = "<group>"; };
		C2EAD0CA26C28B2900B8E196 /* RecipeCard.swift */ = {isa = PBXFileReference; lastKnownFileType = sourcecode.swift; path = RecipeCard.swift; sourceTree = "<group>"; };
/* End PBXFileReference section */

/* Begin PBXFrameworksBuildPhase section */
		C250EB7126B70FEB006CCFFF /* Frameworks */ = {
			isa = PBXFrameworksBuildPhase;
			buildActionMask = 2147483647;
			files = (
				DC11696447617AC51BC98292 /* Pods_iosWeeFood.framework in Frameworks */,
			);
			runOnlyForDeploymentPostprocessing = 0;
		};
/* End PBXFrameworksBuildPhase section */

/* Begin PBXGroup section */
		0C847275D749076B71795BD8 /* Frameworks */ = {
			isa = PBXGroup;
			children = (
				49DEC3F88295B56E06151CCA /* Pods_iosWeeFood.framework */,
			);
			name = Frameworks;
			sourceTree = "<group>";
		};
		C250EB6B26B70FEB006CCFFF = {
			isa = PBXGroup;
			children = (
				C250EB7626B70FEB006CCFFF /* iosWeeFood */,
				C288DAE726B7121C00871FAB /* Podfile */,
				C4EA807C2DB2B0114B659278 /* Pods */,
				C250EB7526B70FEB006CCFFF /* Products */,
				0C847275D749076B71795BD8 /* Frameworks */,
			);
			sourceTree = "<group>";
		};
		C250EB7526B70FEB006CCFFF /* Products */ = {
			isa = PBXGroup;
			children = (
				C250EB7426B70FEB006CCFFF /* iosWeeFood.app */,
			);
			name = Products;
			sourceTree = "<group>";
		};
		C250EB7626B70FEB006CCFFF /* iosWeeFood */ = {
			isa = PBXGroup;
			children = (
				C250EB8526B70FEF006CCFFF /* Info.plist */,
				C250EB7726B70FEB006CCFFF /* AppDelegate.swift */,
				C250EB7B26B70FEB006CCFFF /* ContentView.swift */,
				C250EB7926B70FEB006CCFFF /* SceneDelegate.swift */,
				C250EB7D26B70FEF006CCFFF /* Assets.xcassets */,
				C250EB8226B70FEF006CCFFF /* LaunchScreen.storyboard */,
				C288DAE926B7130700871FAB /* presentation */,
				C250EB7F26B70FEF006CCFFF /* Preview Content */,
			);
			path = iosWeeFood;
			sourceTree = "<group>";
		};
		C250EB7F26B70FEF006CCFFF /* Preview Content */ = {
			isa = PBXGroup;
			children = (
				C250EB8026B70FEF006CCFFF /* Preview Assets.xcassets */,
			);
			path = "Preview Content";
			sourceTree = "<group>";
		};
		C288DAE926B7130700871FAB /* presentation */ = {
			isa = PBXGroup;
			children = (
				C288DAEA26B7130700871FAB /* components */,
				C288DAEF26B7130700871FAB /* navigation */,
				C288DAF126B7130700871FAB /* screens */,
				C288DB0626B7130700871FAB /* util */,
			);
			path = presentation;
			sourceTree = "<group>";
		};
		C288DAEA26B7130700871FAB /* components */ = {
			isa = PBXGroup;
			children = (
				C288DAEB26B7130700871FAB /* DefaultText.swift */,
				C288DAEE26B7130700871FAB /* SearchAppBar.swift */,
			);
			path = components;
			sourceTree = "<group>";
		};
		C288DAEF26B7130700871FAB /* navigation */ = {
			isa = PBXGroup;
			children = (
				C288DAF026B7130700871FAB /* Navigation.swift */,
			);
			path = navigation;
			sourceTree = "<group>";
		};
		C288DAF126B7130700871FAB /* screens */ = {
			isa = PBXGroup;
			children = (
				C288DAF226B7130700871FAB /* day_list */,
				C288DAF426B7130700871FAB /* ingredient_list */,
				C288DAF726B7130700871FAB /* new_recipe */,
				C288DAF926B7130700871FAB /* recipe_detail */,
				C288DAFE26B7130700871FAB /* recipe_list */,
				C288DB0026B7130700871FAB /* settings */,
				C288DB0226B7130700871FAB /* shopping_list */,
				C288DB0426B7130700871FAB /* week_list */,
			);
			path = screens;
			sourceTree = "<group>";
		};
		C288DAF226B7130700871FAB /* day_list */ = {
			isa = PBXGroup;
			children = (
				C288DAF326B7130700871FAB /* DayListScreen.swift */,
			);
			path = day_list;
			sourceTree = "<group>";
		};
		C288DAF426B7130700871FAB /* ingredient_list */ = {
			isa = PBXGroup;
			children = (
				C2EAD0C826C28AF300B8E196 /* components */,
				C288DAF526B7130700871FAB /* IngredientListScreen.swift */,
				C288DAF626B7130700871FAB /* IngredientListViewModel.swift */,
			);
			path = ingredient_list;
			sourceTree = "<group>";
		};
		C288DAF726B7130700871FAB /* new_recipe */ = {
			isa = PBXGroup;
			children = (
				C288DAF826B7130700871FAB /* NewRecipeScreen.swift */,
			);
			path = new_recipe;
			sourceTree = "<group>";
		};
		C288DAF926B7130700871FAB /* recipe_detail */ = {
			isa = PBXGroup;
			children = (
				C288DAFA26B7130700871FAB /* components */,
				C288DAFC26B7130700871FAB /* RecipeDetailScreen.swift */,
				C288DAFD26B7130700871FAB /* RecipeDetailViewModel.swift */,
			);
			path = recipe_detail;
			sourceTree = "<group>";
		};
		C288DAFA26B7130700871FAB /* components */ = {
			isa = PBXGroup;
			children = (
				C288DAFB26B7130700871FAB /* RecipeView.swift */,
			);
			path = components;
			sourceTree = "<group>";
		};
		C288DAFE26B7130700871FAB /* recipe_list */ = {
			isa = PBXGroup;
			children = (
				C2EAD0C926C28B0200B8E196 /* components */,
				C288DAFF26B7130700871FAB /* RecipeListScreen.swift */,
				C2EAD0C626C2848400B8E196 /* RecipeListViewModel.swift */,
			);
			path = recipe_list;
			sourceTree = "<group>";
		};
		C288DB0026B7130700871FAB /* settings */ = {
			isa = PBXGroup;
			children = (
				C288DB0126B7130700871FAB /* SettingsScreen.swift */,
			);
			path = settings;
			sourceTree = "<group>";
		};
		C288DB0226B7130700871FAB /* shopping_list */ = {
			isa = PBXGroup;
			children = (
				C288DB0326B7130700871FAB /* ShoppingListScreen.swift */,
			);
			path = shopping_list;
			sourceTree = "<group>";
		};
		C288DB0426B7130700871FAB /* week_list */ = {
			isa = PBXGroup;
			children = (
				C288DB0526B7130700871FAB /* WeekListScreen.swift */,
			);
			path = week_list;
			sourceTree = "<group>";
		};
		C288DB0626B7130700871FAB /* util */ = {
			isa = PBXGroup;
			children = (
				C288DB0726B7130700871FAB /* AsyncImageView.swift */,
				C288DB0826B7130700871FAB /* ImageLoader.swift */,
			);
			path = util;
			sourceTree = "<group>";
		};
		C2EAD0C826C28AF300B8E196 /* components */ = {
			isa = PBXGroup;
			children = (
				C288DAED26B7130700871FAB /* IngredientCard.swift */,
			);
			path = components;
			sourceTree = "<group>";
		};
		C2EAD0C926C28B0200B8E196 /* components */ = {
			isa = PBXGroup;
			children = (
				C2EAD0CA26C28B2900B8E196 /* RecipeCard.swift */,
			);
			path = components;
			sourceTree = "<group>";
		};
		C4EA807C2DB2B0114B659278 /* Pods */ = {
			isa = PBXGroup;
			children = (
				48D8990E54FE35654F57F2CB /* Pods-iosWeeFood.debug.xcconfig */,
				3738670C1D5727FA5B1DD994 /* Pods-iosWeeFood.release.xcconfig */,
			);
			path = Pods;
			sourceTree = "<group>";
		};
/* End PBXGroup section */

/* Begin PBXNativeTarget section */
		C250EB7326B70FEB006CCFFF /* iosWeeFood */ = {
			isa = PBXNativeTarget;
			buildConfigurationList = C250EB8826B70FEF006CCFFF /* Build configuration list for PBXNativeTarget "iosWeeFood" */;
			buildPhases = (
				E49FD8D949A1FE1F41FCDDF8 /* [CP] Check Pods Manifest.lock */,
				C250EB7026B70FEB006CCFFF /* Sources */,
				C250EB7126B70FEB006CCFFF /* Frameworks */,
				C250EB7226B70FEB006CCFFF /* Resources */,
				04F44BD44D1D0BDD1F618BAD /* [CP] Embed Pods Frameworks */,
			);
			buildRules = (
			);
			dependencies = (
			);
			name = iosWeeFood;
			productName = iosWeeFood;
			productReference = C250EB7426B70FEB006CCFFF /* iosWeeFood.app */;
			productType = "com.apple.product-type.application";
		};
/* End PBXNativeTarget section */

/* Begin PBXProject section */
		C250EB6C26B70FEB006CCFFF /* Project object */ = {
			isa = PBXProject;
			attributes = {
				LastSwiftUpdateCheck = 1250;
				LastUpgradeCheck = 1250;
				TargetAttributes = {
					C250EB7326B70FEB006CCFFF = {
						CreatedOnToolsVersion = 12.5.1;
					};
				};
			};
			buildConfigurationList = C250EB6F26B70FEB006CCFFF /* Build configuration list for PBXProject "iosWeeFood" */;
			compatibilityVersion = "Xcode 9.3";
			developmentRegion = en;
			hasScannedForEncodings = 0;
			knownRegions = (
				en,
				Base,
			);
			mainGroup = C250EB6B26B70FEB006CCFFF;
			productRefGroup = C250EB7526B70FEB006CCFFF /* Products */;
			projectDirPath = "";
			projectRoot = "";
			targets = (
				C250EB7326B70FEB006CCFFF /* iosWeeFood */,
			);
		};
/* End PBXProject section */

/* Begin PBXResourcesBuildPhase section */
		C250EB7226B70FEB006CCFFF /* Resources */ = {
			isa = PBXResourcesBuildPhase;
			buildActionMask = 2147483647;
			files = (
				C250EB8426B70FEF006CCFFF /* LaunchScreen.storyboard in Resources */,
				C250EB8126B70FEF006CCFFF /* Preview Assets.xcassets in Resources */,
				C288DAE826B7121D00871FAB /* Podfile in Resources */,
				C250EB7E26B70FEF006CCFFF /* Assets.xcassets in Resources */,
			);
			runOnlyForDeploymentPostprocessing = 0;
		};
/* End PBXResourcesBuildPhase section */

/* Begin PBXShellScriptBuildPhase section */
		04F44BD44D1D0BDD1F618BAD /* [CP] Embed Pods Frameworks */ = {
			isa = PBXShellScriptBuildPhase;
			buildActionMask = 2147483647;
			files = (
			);
			inputFileListPaths = (
				"${PODS_ROOT}/Target Support Files/Pods-iosWeeFood/Pods-iosWeeFood-frameworks-${CONFIGURATION}-input-files.xcfilelist",
			);
			name = "[CP] Embed Pods Frameworks";
			outputFileListPaths = (
				"${PODS_ROOT}/Target Support Files/Pods-iosWeeFood/Pods-iosWeeFood-frameworks-${CONFIGURATION}-output-files.xcfilelist",
			);
			runOnlyForDeploymentPostprocessing = 0;
			shellPath = /bin/sh;
			shellScript = "\"${PODS_ROOT}/Target Support Files/Pods-iosWeeFood/Pods-iosWeeFood-frameworks.sh\"\n";
			showEnvVarsInLog = 0;
		};
		E49FD8D949A1FE1F41FCDDF8 /* [CP] Check Pods Manifest.lock */ = {
			isa = PBXShellScriptBuildPhase;
			buildActionMask = 2147483647;
			files = (
			);
			inputFileListPaths = (
			);
			inputPaths = (
				"${PODS_PODFILE_DIR_PATH}/Podfile.lock",
				"${PODS_ROOT}/Manifest.lock",
			);
			name = "[CP] Check Pods Manifest.lock";
			outputFileListPaths = (
			);
			outputPaths = (
				"$(DERIVED_FILE_DIR)/Pods-iosWeeFood-checkManifestLockResult.txt",
			);
			runOnlyForDeploymentPostprocessing = 0;
			shellPath = /bin/sh;
			shellScript = "diff \"${PODS_PODFILE_DIR_PATH}/Podfile.lock\" \"${PODS_ROOT}/Manifest.lock\" > /dev/null\nif [ $? != 0 ] ; then\n    # print error to STDERR\n    echo \"error: The sandbox is not in sync with the Podfile.lock. Run 'pod install' or update your CocoaPods installation.\" >&2\n    exit 1\nfi\n# This output is used by Xcode 'outputs' to avoid re-running this script phase.\necho \"SUCCESS\" > \"${SCRIPT_OUTPUT_FILE_0}\"\n";
			showEnvVarsInLog = 0;
		};
/* End PBXShellScriptBuildPhase section */

/* Begin PBXSourcesBuildPhase section */
		C250EB7026B70FEB006CCFFF /* Sources */ = {
			isa = PBXSourcesBuildPhase;
			buildActionMask = 2147483647;
			files = (
				C288DB0E26B7130700871FAB /* DayListScreen.swift in Sources */,
				C250EB7826B70FEB006CCFFF /* AppDelegate.swift in Sources */,
				C288DB1126B7130700871FAB /* NewRecipeScreen.swift in Sources */,
				C288DB1926B7130700871FAB /* AsyncImageView.swift in Sources */,
				C250EB7A26B70FEB006CCFFF /* SceneDelegate.swift in Sources */,
				C288DB0926B7130700871FAB /* DefaultText.swift in Sources */,
				C288DB1526B7130700871FAB /* RecipeListScreen.swift in Sources */,
				C288DB0F26B7130700871FAB /* IngredientListScreen.swift in Sources */,
				C288DB1226B7130700871FAB /* RecipeView.swift in Sources */,
				C288DB0D26B7130700871FAB /* Navigation.swift in Sources */,
				C288DB1726B7130700871FAB /* ShoppingListScreen.swift in Sources */,
				C288DB1426B7130700871FAB /* RecipeDetailViewModel.swift in Sources */,
				C2EAD0CB26C28B2900B8E196 /* RecipeCard.swift in Sources */,
				C288DB1326B7130700871FAB /* RecipeDetailScreen.swift in Sources */,
				C288DB1626B7130700871FAB /* SettingsScreen.swift in Sources */,
				C2EAD0C726C2848400B8E196 /* RecipeListViewModel.swift in Sources */,
				C288DB1A26B7130700871FAB /* ImageLoader.swift in Sources */,
				C250EB7C26B70FEB006CCFFF /* ContentView.swift in Sources */,
				C288DB0B26B7130700871FAB /* IngredientCard.swift in Sources */,
				C288DB0C26B7130700871FAB /* SearchAppBar.swift in Sources */,
				C288DB1826B7130700871FAB /* WeekListScreen.swift in Sources */,
				C288DB1026B7130700871FAB /* IngredientListViewModel.swift in Sources */,
			);
			runOnlyForDeploymentPostprocessing = 0;
		};
/* End PBXSourcesBuildPhase section */

/* Begin PBXVariantGroup section */
		C250EB8226B70FEF006CCFFF /* LaunchScreen.storyboard */ = {
			isa = PBXVariantGroup;
			children = (
				C250EB8326B70FEF006CCFFF /* Base */,
			);
			name = LaunchScreen.storyboard;
			sourceTree = "<group>";
		};
/* End PBXVariantGroup section */

/* Begin XCBuildConfiguration section */
		C250EB8626B70FEF006CCFFF /* Debug */ = {
			isa = XCBuildConfiguration;
			buildSettings = {
				ALWAYS_SEARCH_USER_PATHS = NO;
				CLANG_ANALYZER_NONNULL = YES;
				CLANG_ANALYZER_NUMBER_OBJECT_CONVERSION = YES_AGGRESSIVE;
				CLANG_CXX_LANGUAGE_STANDARD = "gnu++14";
				CLANG_CXX_LIBRARY = "libc++";
				CLANG_ENABLE_MODULES = YES;
				CLANG_ENABLE_OBJC_ARC = YES;
				CLANG_ENABLE_OBJC_WEAK = YES;
				CLANG_WARN_BLOCK_CAPTURE_AUTORELEASING = YES;
				CLANG_WARN_BOOL_CONVERSION = YES;
				CLANG_WARN_COMMA = YES;
				CLANG_WARN_CONSTANT_CONVERSION = YES;
				CLANG_WARN_DEPRECATED_OBJC_IMPLEMENTATIONS = YES;
				CLANG_WARN_DIRECT_OBJC_ISA_USAGE = YES_ERROR;
				CLANG_WARN_DOCUMENTATION_COMMENTS = YES;
				CLANG_WARN_EMPTY_BODY = YES;
				CLANG_WARN_ENUM_CONVERSION = YES;
				CLANG_WARN_INFINITE_RECURSION = YES;
				CLANG_WARN_INT_CONVERSION = YES;
				CLANG_WARN_NON_LITERAL_NULL_CONVERSION = YES;
				CLANG_WARN_OBJC_IMPLICIT_RETAIN_SELF = YES;
				CLANG_WARN_OBJC_LITERAL_CONVERSION = YES;
				CLANG_WARN_OBJC_ROOT_CLASS = YES_ERROR;
				CLANG_WARN_QUOTED_INCLUDE_IN_FRAMEWORK_HEADER = YES;
				CLANG_WARN_RANGE_LOOP_ANALYSIS = YES;
				CLANG_WARN_STRICT_PROTOTYPES = YES;
				CLANG_WARN_SUSPICIOUS_MOVE = YES;
				CLANG_WARN_UNGUARDED_AVAILABILITY = YES_AGGRESSIVE;
				CLANG_WARN_UNREACHABLE_CODE = YES;
				CLANG_WARN__DUPLICATE_METHOD_MATCH = YES;
				COPY_PHASE_STRIP = NO;
				DEBUG_INFORMATION_FORMAT = dwarf;
				ENABLE_STRICT_OBJC_MSGSEND = YES;
				ENABLE_TESTABILITY = YES;
				GCC_C_LANGUAGE_STANDARD = gnu11;
				GCC_DYNAMIC_NO_PIC = NO;
				GCC_NO_COMMON_BLOCKS = YES;
				GCC_OPTIMIZATION_LEVEL = 0;
				GCC_PREPROCESSOR_DEFINITIONS = (
					"DEBUG=1",
					"$(inherited)",
				);
				GCC_WARN_64_TO_32_BIT_CONVERSION = YES;
				GCC_WARN_ABOUT_RETURN_TYPE = YES_ERROR;
				GCC_WARN_UNDECLARED_SELECTOR = YES;
				GCC_WARN_UNINITIALIZED_AUTOS = YES_AGGRESSIVE;
				GCC_WARN_UNUSED_FUNCTION = YES;
				GCC_WARN_UNUSED_VARIABLE = YES;
				IPHONEOS_DEPLOYMENT_TARGET = 14.5;
				MTL_ENABLE_DEBUG_INFO = INCLUDE_SOURCE;
				MTL_FAST_MATH = YES;
				ONLY_ACTIVE_ARCH = YES;
				SDKROOT = iphoneos;
				SWIFT_ACTIVE_COMPILATION_CONDITIONS = DEBUG;
				SWIFT_OPTIMIZATION_LEVEL = "-Onone";
			};
			name = Debug;
		};
		C250EB8726B70FEF006CCFFF /* Release */ = {
			isa = XCBuildConfiguration;
			buildSettings = {
				ALWAYS_SEARCH_USER_PATHS = NO;
				CLANG_ANALYZER_NONNULL = YES;
				CLANG_ANALYZER_NUMBER_OBJECT_CONVERSION = YES_AGGRESSIVE;
				CLANG_CXX_LANGUAGE_STANDARD = "gnu++14";
				CLANG_CXX_LIBRARY = "libc++";
				CLANG_ENABLE_MODULES = YES;
				CLANG_ENABLE_OBJC_ARC = YES;
				CLANG_ENABLE_OBJC_WEAK = YES;
				CLANG_WARN_BLOCK_CAPTURE_AUTORELEASING = YES;
				CLANG_WARN_BOOL_CONVERSION = YES;
				CLANG_WARN_COMMA = YES;
				CLANG_WARN_CONSTANT_CONVERSION = YES;
				CLANG_WARN_DEPRECATED_OBJC_IMPLEMENTATIONS = YES;
				CLANG_WARN_DIRECT_OBJC_ISA_USAGE = YES_ERROR;
				CLANG_WARN_DOCUMENTATION_COMMENTS = YES;
				CLANG_WARN_EMPTY_BODY = YES;
				CLANG_WARN_ENUM_CONVERSION = YES;
				CLANG_WARN_INFINITE_RECURSION = YES;
				CLANG_WARN_INT_CONVERSION = YES;
				CLANG_WARN_NON_LITERAL_NULL_CONVERSION = YES;
				CLANG_WARN_OBJC_IMPLICIT_RETAIN_SELF = YES;
				CLANG_WARN_OBJC_LITERAL_CONVERSION = YES;
				CLANG_WARN_OBJC_ROOT_CLASS = YES_ERROR;
				CLANG_WARN_QUOTED_INCLUDE_IN_FRAMEWORK_HEADER = YES;
				CLANG_WARN_RANGE_LOOP_ANALYSIS = YES;
				CLANG_WARN_STRICT_PROTOTYPES = YES;
				CLANG_WARN_SUSPICIOUS_MOVE = YES;
				CLANG_WARN_UNGUARDED_AVAILABILITY = YES_AGGRESSIVE;
				CLANG_WARN_UNREACHABLE_CODE = YES;
				CLANG_WARN__DUPLICATE_METHOD_MATCH = YES;
				COPY_PHASE_STRIP = NO;
				DEBUG_INFORMATION_FORMAT = "dwarf-with-dsym";
				ENABLE_NS_ASSERTIONS = NO;
				ENABLE_STRICT_OBJC_MSGSEND = YES;
				GCC_C_LANGUAGE_STANDARD = gnu11;
				GCC_NO_COMMON_BLOCKS = YES;
				GCC_WARN_64_TO_32_BIT_CONVERSION = YES;
				GCC_WARN_ABOUT_RETURN_TYPE = YES_ERROR;
				GCC_WARN_UNDECLARED_SELECTOR = YES;
				GCC_WARN_UNINITIALIZED_AUTOS = YES_AGGRESSIVE;
				GCC_WARN_UNUSED_FUNCTION = YES;
				GCC_WARN_UNUSED_VARIABLE = YES;
				IPHONEOS_DEPLOYMENT_TARGET = 14.5;
				MTL_ENABLE_DEBUG_INFO = NO;
				MTL_FAST_MATH = YES;
				SDKROOT = iphoneos;
				SWIFT_COMPILATION_MODE = wholemodule;
				SWIFT_OPTIMIZATION_LEVEL = "-O";
				VALIDATE_PRODUCT = YES;
			};
			name = Release;
		};
		C250EB8926B70FEF006CCFFF /* Debug */ = {
			isa = XCBuildConfiguration;
			baseConfigurationReference = 48D8990E54FE35654F57F2CB /* Pods-iosWeeFood.debug.xcconfig */;
			buildSettings = {
				ASSETCATALOG_COMPILER_APPICON_NAME = AppIcon;
				ASSETCATALOG_COMPILER_GLOBAL_ACCENT_COLOR_NAME = AccentColor;
				CODE_SIGN_STYLE = Automatic;
				DEVELOPMENT_ASSET_PATHS = "\"iosWeeFood/Preview Content\"";
				DEVELOPMENT_TEAM = ARZMSZ95U8;
				ENABLE_PREVIEWS = YES;
				INFOPLIST_FILE = iosWeeFood/Info.plist;
				LD_RUNPATH_SEARCH_PATHS = (
					"$(inherited)",
					"@executable_path/Frameworks",
				);
				OTHER_LDFLAGS = (
					"$(inherited)",
					"-ObjC",
					"-l\"c++\"",
					"-framework",
					"\"ImageIO\"",
					"-framework",
					"\"SDWebImage\"",
					"-framework",
					"\"SDWebImageSwiftUI\"",
					"-framework",
					"\"shared\"",
					"-weak_framework",
					"\"Combine\"",
					"-weak_framework",
					"\"SwiftUI\"",
					"-lsqlite3",
				);
				PRODUCT_BUNDLE_IDENTIFIER = de.darthkali.iosWeeFood;
				PRODUCT_NAME = "$(TARGET_NAME)";
				SWIFT_VERSION = 5.0;
				TARGETED_DEVICE_FAMILY = "1,2";
			};
			name = Debug;
		};
		C250EB8A26B70FEF006CCFFF /* Release */ = {
			isa = XCBuildConfiguration;
			baseConfigurationReference = 3738670C1D5727FA5B1DD994 /* Pods-iosWeeFood.release.xcconfig */;
			buildSettings = {
				ASSETCATALOG_COMPILER_APPICON_NAME = AppIcon;
				ASSETCATALOG_COMPILER_GLOBAL_ACCENT_COLOR_NAME = AccentColor;
				CODE_SIGN_STYLE = Automatic;
				DEVELOPMENT_ASSET_PATHS = "\"iosWeeFood/Preview Content\"";
				DEVELOPMENT_TEAM = ARZMSZ95U8;
				ENABLE_PREVIEWS = YES;
				INFOPLIST_FILE = iosWeeFood/Info.plist;
				LD_RUNPATH_SEARCH_PATHS = (
					"$(inherited)",
					"@executable_path/Frameworks",
				);
				OTHER_LDFLAGS = (
					"$(inherited)",
					"-ObjC",
					"-l\"c++\"",
					"-framework",
					"\"ImageIO\"",
					"-framework",
					"\"SDWebImage\"",
					"-framework",
					"\"SDWebImageSwiftUI\"",
					"-framework",
					"\"shared\"",
					"-weak_framework",
					"\"Combine\"",
					"-weak_framework",
					"\"SwiftUI\"",
					"-lsqlite3",
				);
				PRODUCT_BUNDLE_IDENTIFIER = de.darthkali.iosWeeFood;
				PRODUCT_NAME = "$(TARGET_NAME)";
				SWIFT_VERSION = 5.0;
				TARGETED_DEVICE_FAMILY = "1,2";
			};
			name = Release;
		};
/* End XCBuildConfiguration section */

/* Begin XCConfigurationList section */
		C250EB6F26B70FEB006CCFFF /* Build configuration list for PBXProject "iosWeeFood" */ = {
			isa = XCConfigurationList;
			buildConfigurations = (
				C250EB8626B70FEF006CCFFF /* Debug */,
				C250EB8726B70FEF006CCFFF /* Release */,
			);
			defaultConfigurationIsVisible = 0;
			defaultConfigurationName = Release;
		};
		C250EB8826B70FEF006CCFFF /* Build configuration list for PBXNativeTarget "iosWeeFood" */ = {
			isa = XCConfigurationList;
			buildConfigurations = (
				C250EB8926B70FEF006CCFFF /* Debug */,
				C250EB8A26B70FEF006CCFFF /* Release */,
			);
			defaultConfigurationIsVisible = 0;
			defaultConfigurationName = Release;
		};
/* End XCConfigurationList section */
	};
	rootObject = C250EB6C26B70FEB006CCFFF /* Project object */;
}
